# NAME: IPv6_Block
# DOMAIN: 7
# DOMAIN-KEYWORD: 6
# DOMAIN-SUFFIX: 8
payload:
  - DOMAIN,ipv6.microsoft.com
  - DOMAIN-SUFFIX,ipv6check.akadns.net
  - DOMAIN-SUFFIX,ipv6.microsoft.com.nsatc.net
  - DOMAIN-SUFFIX,teredo.ipv6.microsoft.com
  - DOMAIN-KEYWORD,6to4.ipv6.microsoft.com
  - DOMAIN,ipv6-icmp.icloud.com
  - DOMAIN,ipv6.icloud.com
  - DOMAIN-KEYWORD,ipv6-check
  - DOMAIN,ipv6.google.com
  - DOMAIN-SUFFIX,ipv6.l.google.com
  - DOMAIN-SUFFIX,v6-test.chinasoftinc.com
  - DOMAIN-KEYWORD,ipv6check
  - DOMAIN-KEYWORD,v6check
  - DOMAIN-KEYWORD,test-ipv6
  - DOMAIN-KEYWORD,check-ipv6
  - DOMAIN,ds-v6.v6.test-ipv6.com
  - DOMAIN,v6.ident.me
  - DOMAIN,v6.ipv6-test.com
  - DOMAIN-SUFFIX,ipv6.akadns.net
  - DOMAIN-SUFFIX,v6.facebook.com
  - DOMAIN-SUFFIX,v6.pan.baidu.com
